
Microsoft Visual Studio Solution File, Format Version 12.00
# Visual Studio 15
VisualStudioVersion = 15.0.26228.4
MinimumVisualStudioVersion = 10.0.40219.1
Project("{FAE04EC0-301F-11D3-BF4B-00C04F79EFBC}") = "MusicLibrary", "UI\MusicLibrary.csproj", "{1C7A9914-8CDC-4075-9422-37BD0E51C076}"
EndProject
Project("{FAE04EC0-301F-11D3-BF4B-00C04F79EFBC}") = "DAL", "DAL\DAL.csproj", "{5C957065-12EC-49B1-B47E-30178ADE540C}"
EndProject
Project("{FAE04EC0-301F-11D3-BF4B-00C04F79EFBC}") = "BL", "BL\BL.csproj", "{E969BB73-B761-4780-98FE-CBB1B76DC91F}"
EndProject
Project("{FAE04EC0-301F-11D3-BF4B-00C04F79EFBC}") = "BL.Tests", "Tests\BL.Tests.csproj", "{8A6C856E-1DBC-473F-B440-6CC314BF6E91}"
EndProject
Project("{D954291E-2A0B-460D-934E-DC6B0785DB48}") = "Shared", "Shared\Shared.shproj", "{642C65C4-363D-434A-A302-3DA4C082E88D}"
EndProject
Project("{FAE04EC0-301F-11D3-BF4B-00C04F79EFBC}") = "WebApi.Models", "WebApi.Models\WebApi.Models.csproj", "{26BCC445-D776-4AF1-B11A-F8B28FC30402}"
EndProject
Global
	GlobalSection(SharedMSBuildProjectFiles) = preSolution
		Shared\Shared.projitems*{5c957065-12ec-49b1-b47e-30178ade540c}*SharedItemsImports = 4
		Shared\Shared.projitems*{642c65c4-363d-434a-a302-3da4c082e88d}*SharedItemsImports = 13
	EndGlobalSection
	GlobalSection(SolutionConfigurationPlatforms) = preSolution
		Debug|Any CPU = Debug|Any CPU
		Release|Any CPU = Release|Any CPU
	EndGlobalSection
	GlobalSection(ProjectConfigurationPlatforms) = postSolution
		{1C7A9914-8CDC-4075-9422-37BD0E51C076}.Debug|Any CPU.ActiveCfg = Debug|Any CPU
		{1C7A9914-8CDC-4075-9422-37BD0E51C076}.Debug|Any CPU.Build.0 = Debug|Any CPU
		{1C7A9914-8CDC-4075-9422-37BD0E51C076}.Release|Any CPU.ActiveCfg = Release|Any CPU
		{1C7A9914-8CDC-4075-9422-37BD0E51C076}.Release|Any CPU.Build.0 = Release|Any CPU
		{5C957065-12EC-49B1-B47E-30178ADE540C}.Debug|Any CPU.ActiveCfg = Debug|Any CPU
		{5C957065-12EC-49B1-B47E-30178ADE540C}.Debug|Any CPU.Build.0 = Debug|Any CPU
		{5C957065-12EC-49B1-B47E-30178ADE540C}.Release|Any CPU.ActiveCfg = Release|Any CPU
		{5C957065-12EC-49B1-B47E-30178ADE540C}.Release|Any CPU.Build.0 = Release|Any CPU
		{E969BB73-B761-4780-98FE-CBB1B76DC91F}.Debug|Any CPU.ActiveCfg = Debug|Any CPU
		{E969BB73-B761-4780-98FE-CBB1B76DC91F}.Debug|Any CPU.Build.0 = Debug|Any CPU
		{E969BB73-B761-4780-98FE-CBB1B76DC91F}.Release|Any CPU.ActiveCfg = Release|Any CPU
		{E969BB73-B761-4780-98FE-CBB1B76DC91F}.Release|Any CPU.Build.0 = Release|Any CPU
		{8A6C856E-1DBC-473F-B440-6CC314BF6E91}.Debug|Any CPU.ActiveCfg = Debug|Any CPU
		{8A6C856E-1DBC-473F-B440-6CC314BF6E91}.Debug|Any CPU.Build.0 = Debug|Any CPU
		{8A6C856E-1DBC-473F-B440-6CC314BF6E91}.Release|Any CPU.ActiveCfg = Release|Any CPU
		{8A6C856E-1DBC-473F-B440-6CC314BF6E91}.Release|Any CPU.Build.0 = Release|Any CPU
		{26BCC445-D776-4AF1-B11A-F8B28FC30402}.Debug|Any CPU.ActiveCfg = Debug|Any CPU
		{26BCC445-D776-4AF1-B11A-F8B28FC30402}.Debug|Any CPU.Build.0 = Debug|Any CPU
		{26BCC445-D776-4AF1-B11A-F8B28FC30402}.Release|Any CPU.ActiveCfg = Release|Any CPU
		{26BCC445-D776-4AF1-B11A-F8B28FC30402}.Release|Any CPU.Build.0 = Release|Any CPU
	EndGlobalSection
	GlobalSection(SolutionProperties) = preSolution
		HideSolutionNode = FALSE
	EndGlobalSection
EndGlobal
