
Microsoft Visual Studio Solution File, Format Version 12.00
# Visual Studio Version 16
VisualStudioVersion = 16.0.28922.388
MinimumVisualStudioVersion = 10.0.40219.1
Project("{D954291E-2A0B-460D-934E-DC6B0785DB48}") = "Shared", "Shared\Shared.shproj", "{642C65C4-363D-434A-A302-3DA4C082E88D}"
EndProject
Project("{9A19103F-16F7-4668-BE54-9A1E7A4F7556}") = "DataLayer", "DataLayer\DataLayer.csproj", "{12B00E45-8877-48A1-9A24-06ACF5305A8F}"
EndProject
Project("{9A19103F-16F7-4668-BE54-9A1E7A4F7556}") = "BusinessLayer", "BusinessLayer\BusinessLayer.csproj", "{417799B2-8136-4498-9ED8-DEF74A01381E}"
EndProject
Project("{9A19103F-16F7-4668-BE54-9A1E7A4F7556}") = "MusicLibrary", "MusicLibrary\MusicLibrary.csproj", "{2AD15673-643E-43D6-B452-F2A2AB48A384}"
EndProject
Project("{9A19103F-16F7-4668-BE54-9A1E7A4F7556}") = "WebApiModels", "WebApiModels\WebApiModels.csproj", "{7DA9BBA2-8032-485A-9724-30824547AE9B}"
EndProject
Project("{9A19103F-16F7-4668-BE54-9A1E7A4F7556}") = "BusinessLayer.Tests", "BusinessLayer.Tests\BusinessLayer.Tests.csproj", "{B5ABC987-7859-4597-AAEC-A0C3AA7CE913}"
EndProject
Global
	GlobalSection(SharedMSBuildProjectFiles) = preSolution
		Shared\Shared.projitems*{12b00e45-8877-48a1-9a24-06acf5305a8f}*SharedItemsImports = 5
		Shared\Shared.projitems*{642c65c4-363d-434a-a302-3da4c082e88d}*SharedItemsImports = 13
	EndGlobalSection
	GlobalSection(SolutionConfigurationPlatforms) = preSolution
		Debug|Any CPU = Debug|Any CPU
		Release|Any CPU = Release|Any CPU
	EndGlobalSection
	GlobalSection(ProjectConfigurationPlatforms) = postSolution
		{12B00E45-8877-48A1-9A24-06ACF5305A8F}.Debug|Any CPU.ActiveCfg = Debug|Any CPU
		{12B00E45-8877-48A1-9A24-06ACF5305A8F}.Debug|Any CPU.Build.0 = Debug|Any CPU
		{12B00E45-8877-48A1-9A24-06ACF5305A8F}.Release|Any CPU.ActiveCfg = Release|Any CPU
		{12B00E45-8877-48A1-9A24-06ACF5305A8F}.Release|Any CPU.Build.0 = Release|Any CPU
		{417799B2-8136-4498-9ED8-DEF74A01381E}.Debug|Any CPU.ActiveCfg = Debug|Any CPU
		{417799B2-8136-4498-9ED8-DEF74A01381E}.Debug|Any CPU.Build.0 = Debug|Any CPU
		{417799B2-8136-4498-9ED8-DEF74A01381E}.Release|Any CPU.ActiveCfg = Release|Any CPU
		{417799B2-8136-4498-9ED8-DEF74A01381E}.Release|Any CPU.Build.0 = Release|Any CPU
		{2AD15673-643E-43D6-B452-F2A2AB48A384}.Debug|Any CPU.ActiveCfg = Debug|Any CPU
		{2AD15673-643E-43D6-B452-F2A2AB48A384}.Debug|Any CPU.Build.0 = Debug|Any CPU
		{2AD15673-643E-43D6-B452-F2A2AB48A384}.Release|Any CPU.ActiveCfg = Release|Any CPU
		{2AD15673-643E-43D6-B452-F2A2AB48A384}.Release|Any CPU.Build.0 = Release|Any CPU
		{7DA9BBA2-8032-485A-9724-30824547AE9B}.Debug|Any CPU.ActiveCfg = Debug|Any CPU
		{7DA9BBA2-8032-485A-9724-30824547AE9B}.Debug|Any CPU.Build.0 = Debug|Any CPU
		{7DA9BBA2-8032-485A-9724-30824547AE9B}.Release|Any CPU.ActiveCfg = Release|Any CPU
		{7DA9BBA2-8032-485A-9724-30824547AE9B}.Release|Any CPU.Build.0 = Release|Any CPU
		{B5ABC987-7859-4597-AAEC-A0C3AA7CE913}.Debug|Any CPU.ActiveCfg = Debug|Any CPU
		{B5ABC987-7859-4597-AAEC-A0C3AA7CE913}.Debug|Any CPU.Build.0 = Debug|Any CPU
		{B5ABC987-7859-4597-AAEC-A0C3AA7CE913}.Release|Any CPU.ActiveCfg = Release|Any CPU
		{B5ABC987-7859-4597-AAEC-A0C3AA7CE913}.Release|Any CPU.Build.0 = Release|Any CPU
	EndGlobalSection
	GlobalSection(SolutionProperties) = preSolution
		HideSolutionNode = FALSE
	EndGlobalSection
	GlobalSection(ExtensibilityGlobals) = postSolution
		SolutionGuid = {CBB060B8-0967-4595-BEBF-80167A1E4964}
	EndGlobalSection
EndGlobal
